
Microsoft Visual Studio Solution File, Format Version 12.00
# Visual Studio Version 16
VisualStudioVersion = 16.0.30406.217
MinimumVisualStudioVersion = 10.0.40219.1
Project("{FAE04EC0-301F-11D3-BF4B-00C04F79EFBC}") = "exerciciosAula2", "exerciciosAula2\exerciciosAula2.csproj", "{FAECC6CA-6B2E-492F-8ABB-FB1E769CD7DF}"
EndProject
Global
	GlobalSection(SolutionConfigurationPlatforms) = preSolution
		Debug|Any CPU = Debug|Any CPU
		Release|Any CPU = Release|Any CPU
	EndGlobalSection
	GlobalSection(ProjectConfigurationPlatforms) = postSolution
		{FAECC6CA-6B2E-492F-8ABB-FB1E769CD7DF}.Debug|Any CPU.ActiveCfg = Debug|Any CPU
		{FAECC6CA-6B2E-492F-8ABB-FB1E769CD7DF}.Debug|Any CPU.Build.0 = Debug|Any CPU
		{FAECC6CA-6B2E-492F-8ABB-FB1E769CD7DF}.Release|Any CPU.ActiveCfg = Release|Any CPU
		{FAECC6CA-6B2E-492F-8ABB-FB1E769CD7DF}.Release|Any CPU.Build.0 = Release|Any CPU
	EndGlobalSection
	GlobalSection(SolutionProperties) = preSolution
		HideSolutionNode = FALSE
	EndGlobalSection
	GlobalSection(ExtensibilityGlobals) = postSolution
		SolutionGuid = {5771EF12-599A-4994-B49C-81234DE97A94}
	EndGlobalSection
EndGlobal
